// !$*UTF8*$!
{
	archiveVersion = 1;
	classes = {
	};
	objectVersion = 55;
	objects = {

/* Begin PBXBuildFile section */
		342DED0027CCFCFD00CEB2C0 /* MapKitViewController.swift in Sources */ = {isa = PBXBuildFile; fileRef = 342DECFF27CCFCFD00CEB2C0 /* MapKitViewController.swift */; };
		345D41E727CF1B3600D5D213 /* Observable.swift in Sources */ = {isa = PBXBuildFile; fileRef = 3488B7AB27CCC393003E05B2 /* Observable.swift */; };
		345D41E827CF1B3900D5D213 /* LoginViewModel.swift in Sources */ = {isa = PBXBuildFile; fileRef = 3488B7A927CCC2C1003E05B2 /* LoginViewModel.swift */; };
		345D41E927CF1B3C00D5D213 /* Credentials.swift in Sources */ = {isa = PBXBuildFile; fileRef = 3488B7A727CCC1CA003E05B2 /* Credentials.swift */; };
		345D41EA27CF1B4600D5D213 /* LoginViewController.swift in Sources */ = {isa = PBXBuildFile; fileRef = 3488B79727CCC19F003E05B2 /* LoginViewController.swift */; };
		3488B79427CCC19F003E05B2 /* AppDelegate.swift in Sources */ = {isa = PBXBuildFile; fileRef = 3488B79327CCC19F003E05B2 /* AppDelegate.swift */; };
		3488B79627CCC19F003E05B2 /* SceneDelegate.swift in Sources */ = {isa = PBXBuildFile; fileRef = 3488B79527CCC19F003E05B2 /* SceneDelegate.swift */; };
		3488B79B27CCC19F003E05B2 /* Main.storyboard in Resources */ = {isa = PBXBuildFile; fileRef = 3488B79927CCC19F003E05B2 /* Main.storyboard */; };
		3488B79D27CCC1A1003E05B2 /* Assets.xcassets in Resources */ = {isa = PBXBuildFile; fileRef = 3488B79C27CCC1A1003E05B2 /* Assets.xcassets */; };
		3488B7A027CCC1A1003E05B2 /* LaunchScreen.storyboard in Resources */ = {isa = PBXBuildFile; fileRef = 3488B79E27CCC1A1003E05B2 /* LaunchScreen.storyboard */; };
		3488B7AF27CCF3F0003E05B2 /* MapKit.framework in Frameworks */ = {isa = PBXBuildFile; fileRef = 3488B7AE27CCF3EF003E05B2 /* MapKit.framework */; };
		3488B7B127CCF3F9003E05B2 /* CoreLocation.framework in Frameworks */ = {isa = PBXBuildFile; fileRef = 3488B7B027CCF3F9003E05B2 /* CoreLocation.framework */; };
/* End PBXBuildFile section */

/* Begin PBXFileReference section */
		342DECFF27CCFCFD00CEB2C0 /* MapKitViewController.swift */ = {isa = PBXFileReference; lastKnownFileType = sourcecode.swift; path = MapKitViewController.swift; sourceTree = "<group>"; };
		3488B79027CCC19F003E05B2 /* MVVMLoginSceenSample.app */ = {isa = PBXFileReference; explicitFileType = wrapper.application; includeInIndex = 0; path = MVVMLoginSceenSample.app; sourceTree = BUILT_PRODUCTS_DIR; };
		3488B79327CCC19F003E05B2 /* AppDelegate.swift */ = {isa = PBXFileReference; lastKnownFileType = sourcecode.swift; path = AppDelegate.swift; sourceTree = "<group>"; };
		3488B79527CCC19F003E05B2 /* SceneDelegate.swift */ = {isa = PBXFileReference; lastKnownFileType = sourcecode.swift; path = SceneDelegate.swift; sourceTree = "<group>"; };
		3488B79727CCC19F003E05B2 /* LoginViewController.swift */ = {isa = PBXFileReference; lastKnownFileType = sourcecode.swift; path = LoginViewController.swift; sourceTree = "<group>"; };
		3488B79A27CCC19F003E05B2 /* Base */ = {isa = PBXFileReference; lastKnownFileType = file.storyboard; name = Base; path = Base.lproj/Main.storyboard; sourceTree = "<group>"; };
		3488B79C27CCC1A1003E05B2 /* Assets.xcassets */ = {isa = PBXFileReference; lastKnownFileType = folder.assetcatalog; path = Assets.xcassets; sourceTree = "<group>"; };
		3488B79F27CCC1A1003E05B2 /* Base */ = {isa = PBXFileReference; lastKnownFileType = file.storyboard; name = Base; path = Base.lproj/LaunchScreen.storyboard; sourceTree = "<group>"; };
		3488B7A127CCC1A1003E05B2 /* Info.plist */ = {isa = PBXFileReference; lastKnownFileType = text.plist.xml; path = Info.plist; sourceTree = "<group>"; };
		3488B7A727CCC1CA003E05B2 /* Credentials.swift */ = {isa = PBXFileReference; lastKnownFileType = sourcecode.swift; path = Credentials.swift; sourceTree = "<group>"; };
		3488B7A927CCC2C1003E05B2 /* LoginViewModel.swift */ = {isa = PBXFileReference; lastKnownFileType = sourcecode.swift; path = LoginViewModel.swift; sourceTree = "<group>"; };
		3488B7AB27CCC393003E05B2 /* Observable.swift */ = {isa = PBXFileReference; lastKnownFileType = sourcecode.swift; path = Observable.swift; sourceTree = "<group>"; };
		3488B7AE27CCF3EF003E05B2 /* MapKit.framework */ = {isa = PBXFileReference; lastKnownFileType = wrapper.framework; name = MapKit.framework; path = System/Library/Frameworks/MapKit.framework; sourceTree = SDKROOT; };
		3488B7B027CCF3F9003E05B2 /* CoreLocation.framework */ = {isa = PBXFileReference; lastKnownFileType = wrapper.framework; name = CoreLocation.framework; path = System/Library/Frameworks/CoreLocation.framework; sourceTree = SDKROOT; };
/* End PBXFileReference section */

/* Begin PBXFrameworksBuildPhase section */
		3488B78D27CCC19F003E05B2 /* Frameworks */ = {
			isa = PBXFrameworksBuildPhase;
			buildActionMask = 2147483647;
			files = (
				3488B7B127CCF3F9003E05B2 /* CoreLocation.framework in Frameworks */,
				3488B7AF27CCF3F0003E05B2 /* MapKit.framework in Frameworks */,
			);
			runOnlyForDeploymentPostprocessing = 0;
		};
/* End PBXFrameworksBuildPhase section */

/* Begin PBXGroup section */
		3488B78727CCC19F003E05B2 = {
			isa = PBXGroup;
			children = (
				3488B79227CCC19F003E05B2 /* MVVMLoginSceenSample */,
				3488B79127CCC19F003E05B2 /* Products */,
				3488B7AD27CCF3EF003E05B2 /* Frameworks */,
			);
			sourceTree = "<group>";
		};
		3488B79127CCC19F003E05B2 /* Products */ = {
			isa = PBXGroup;
			children = (
				3488B79027CCC19F003E05B2 /* MVVMLoginSceenSample.app */,
			);
			name = Products;
			sourceTree = "<group>";
		};
		3488B79227CCC19F003E05B2 /* MVVMLoginSceenSample */ = {
			isa = PBXGroup;
			children = (
				3488B79327CCC19F003E05B2 /* AppDelegate.swift */,
				3488B79527CCC19F003E05B2 /* SceneDelegate.swift */,
				3488B7A927CCC2C1003E05B2 /* LoginViewModel.swift */,
				3488B7AB27CCC393003E05B2 /* Observable.swift */,
				3488B7A727CCC1CA003E05B2 /* Credentials.swift */,
				3488B79727CCC19F003E05B2 /* LoginViewController.swift */,
				3488B79927CCC19F003E05B2 /* Main.storyboard */,
				3488B79C27CCC1A1003E05B2 /* Assets.xcassets */,
				3488B79E27CCC1A1003E05B2 /* LaunchScreen.storyboard */,
				3488B7A127CCC1A1003E05B2 /* Info.plist */,
				342DECFF27CCFCFD00CEB2C0 /* MapKitViewController.swift */,
			);
			path = MVVMLoginSceenSample;
			sourceTree = "<group>";
		};
		3488B7AD27CCF3EF003E05B2 /* Frameworks */ = {
			isa = PBXGroup;
			children = (
				3488B7B027CCF3F9003E05B2 /* CoreLocation.framework */,
				3488B7AE27CCF3EF003E05B2 /* MapKit.framework */,
			);
			name = Frameworks;
			sourceTree = "<group>";
		};
/* End PBXGroup section */

/* Begin PBXNativeTarget section */
		3488B78F27CCC19F003E05B2 /* MVVMLoginSceenSample */ = {
			isa = PBXNativeTarget;
			buildConfigurationList = 3488B7A427CCC1A1003E05B2 /* Build configuration list for PBXNativeTarget "MVVMLoginSceenSample" */;
			buildPhases = (
				3488B78C27CCC19F003E05B2 /* Sources */,
				3488B78D27CCC19F003E05B2 /* Frameworks */,
				3488B78E27CCC19F003E05B2 /* Resources */,
			);
			buildRules = (
			);
			dependencies = (
			);
			name = MVVMLoginSceenSample;
			productName = MVVMLoginSceenSample;
			productReference = 3488B79027CCC19F003E05B2 /* MVVMLoginSceenSample.app */;
			productType = "com.apple.product-type.application";
		};
/* End PBXNativeTarget section */

/* Begin PBXProject section */
		3488B78827CCC19F003E05B2 /* Project object */ = {
			isa = PBXProject;
			attributes = {
				BuildIndependentTargetsInParallel = 1;
				LastSwiftUpdateCheck = 1320;
				LastUpgradeCheck = 1320;
				TargetAttributes = {
					3488B78F27CCC19F003E05B2 = {
						CreatedOnToolsVersion = 13.2.1;
					};
				};
			};
			buildConfigurationList = 3488B78B27CCC19F003E05B2 /* Build configuration list for PBXProject "MVVMLoginSceenSample" */;
			compatibilityVersion = "Xcode 13.0";
			developmentRegion = en;
			hasScannedForEncodings = 0;
			knownRegions = (
				en,
				Base,
			);
			mainGroup = 3488B78727CCC19F003E05B2;
			productRefGroup = 3488B79127CCC19F003E05B2 /* Products */;
			projectDirPath = "";
			projectRoot = "";
			targets = (
				3488B78F27CCC19F003E05B2 /* MVVMLoginSceenSample */,
			);
		};
/* End PBXProject section */

/* Begin PBXResourcesBuildPhase section */
		3488B78E27CCC19F003E05B2 /* Resources */ = {
			isa = PBXResourcesBuildPhase;
			buildActionMask = 2147483647;
			files = (
				3488B7A027CCC1A1003E05B2 /* LaunchScreen.storyboard in Resources */,
				3488B79D27CCC1A1003E05B2 /* Assets.xcassets in Resources */,
				3488B79B27CCC19F003E05B2 /* Main.storyboard in Resources */,
			);
			runOnlyForDeploymentPostprocessing = 0;
		};
/* End PBXResourcesBuildPhase section */

/* Begin PBXSourcesBuildPhase section */
		3488B78C27CCC19F003E05B2 /* Sources */ = {
			isa = PBXSourcesBuildPhase;
			buildActionMask = 2147483647;
			files = (
				345D41EA27CF1B4600D5D213 /* LoginViewController.swift in Sources */,
				345D41E927CF1B3C00D5D213 /* Credentials.swift in Sources */,
				345D41E727CF1B3600D5D213 /* Observable.swift in Sources */,
				3488B79427CCC19F003E05B2 /* AppDelegate.swift in Sources */,
				342DED0027CCFCFD00CEB2C0 /* MapKitViewController.swift in Sources */,
				345D41E827CF1B3900D5D213 /* LoginViewModel.swift in Sources */,
				3488B79627CCC19F003E05B2 /* SceneDelegate.swift in Sources */,
			);
			runOnlyForDeploymentPostprocessing = 0;
		};
/* End PBXSourcesBuildPhase section */

/* Begin PBXVariantGroup section */
		3488B79927CCC19F003E05B2 /* Main.storyboard */ = {
			isa = PBXVariantGroup;
			children = (
				3488B79A27CCC19F003E05B2 /* Base */,
			);
			name = Main.storyboard;
			sourceTree = "<group>";
		};
		3488B79E27CCC1A1003E05B2 /* LaunchScreen.storyboard */ = {
			isa = PBXVariantGroup;
			children = (
				3488B79F27CCC1A1003E05B2 /* Base */,
			);
			name = LaunchScreen.storyboard;
			sourceTree = "<group>";
		};
/* End PBXVariantGroup section */

/* Begin XCBuildConfiguration section */
		3488B7A227CCC1A1003E05B2 /* Debug */ = {
			isa = XCBuildConfiguration;
			buildSettings = {
				ALWAYS_SEARCH_USER_PATHS = NO;
				CLANG_ANALYZER_NONNULL = YES;
				CLANG_ANALYZER_NUMBER_OBJECT_CONVERSION = YES_AGGRESSIVE;
				CLANG_CXX_LANGUAGE_STANDARD = "gnu++17";
				CLANG_CXX_LIBRARY = "libc++";
				CLANG_ENABLE_MODULES = YES;
				CLANG_ENABLE_OBJC_ARC = YES;
				CLANG_ENABLE_OBJC_WEAK = YES;
				CLANG_WARN_BLOCK_CAPTURE_AUTORELEASING = YES;
				CLANG_WARN_BOOL_CONVERSION = YES;
				CLANG_WARN_COMMA = YES;
				CLANG_WARN_CONSTANT_CONVERSION = YES;
				CLANG_WARN_DEPRECATED_OBJC_IMPLEMENTATIONS = YES;
				CLANG_WARN_DIRECT_OBJC_ISA_USAGE = YES_ERROR;
				CLANG_WARN_DOCUMENTATION_COMMENTS = YES;
				CLANG_WARN_EMPTY_BODY = YES;
				CLANG_WARN_ENUM_CONVERSION = YES;
				CLANG_WARN_INFINITE_RECURSION = YES;
				CLANG_WARN_INT_CONVERSION = YES;
				CLANG_WARN_NON_LITERAL_NULL_CONVERSION = YES;
				CLANG_WARN_OBJC_IMPLICIT_RETAIN_SELF = YES;
				CLANG_WARN_OBJC_LITERAL_CONVERSION = YES;
				CLANG_WARN_OBJC_ROOT_CLASS = YES_ERROR;
				CLANG_WARN_QUOTED_INCLUDE_IN_FRAMEWORK_HEADER = YES;
				CLANG_WARN_RANGE_LOOP_ANALYSIS = YES;
				CLANG_WARN_STRICT_PROTOTYPES = YES;
				CLANG_WARN_SUSPICIOUS_MOVE = YES;
				CLANG_WARN_UNGUARDED_AVAILABILITY = YES_AGGRESSIVE;
				CLANG_WARN_UNREACHABLE_CODE = YES;
				CLANG_WARN__DUPLICATE_METHOD_MATCH = YES;
				COPY_PHASE_STRIP = NO;
				DEBUG_INFORMATION_FORMAT = dwarf;
				ENABLE_STRICT_OBJC_MSGSEND = YES;
				ENABLE_TESTABILITY = YES;
				GCC_C_LANGUAGE_STANDARD = gnu11;
				GCC_DYNAMIC_NO_PIC = NO;
				GCC_NO_COMMON_BLOCKS = YES;
				GCC_OPTIMIZATION_LEVEL = 0;
				GCC_PREPROCESSOR_DEFINITIONS = (
					"DEBUG=1",
					"$(inherited)",
				);
				GCC_WARN_64_TO_32_BIT_CONVERSION = YES;
				GCC_WARN_ABOUT_RETURN_TYPE = YES_ERROR;
				GCC_WARN_UNDECLARED_SELECTOR = YES;
				GCC_WARN_UNINITIALIZED_AUTOS = YES_AGGRESSIVE;
				GCC_WARN_UNUSED_FUNCTION = YES;
				GCC_WARN_UNUSED_VARIABLE = YES;
				IPHONEOS_DEPLOYMENT_TARGET = 15.2;
				MTL_ENABLE_DEBUG_INFO = INCLUDE_SOURCE;
				MTL_FAST_MATH = YES;
				ONLY_ACTIVE_ARCH = YES;
				SDKROOT = iphoneos;
				SWIFT_ACTIVE_COMPILATION_CONDITIONS = DEBUG;
				SWIFT_OPTIMIZATION_LEVEL = "-Onone";
			};
			name = Debug;
		};
		3488B7A327CCC1A1003E05B2 /* Release */ = {
			isa = XCBuildConfiguration;
			buildSettings = {
				ALWAYS_SEARCH_USER_PATHS = NO;
				CLANG_ANALYZER_NONNULL = YES;
				CLANG_ANALYZER_NUMBER_OBJECT_CONVERSION = YES_AGGRESSIVE;
				CLANG_CXX_LANGUAGE_STANDARD = "gnu++17";
				CLANG_CXX_LIBRARY = "libc++";
				CLANG_ENABLE_MODULES = YES;
				CLANG_ENABLE_OBJC_ARC = YES;
				CLANG_ENABLE_OBJC_WEAK = YES;
				CLANG_WARN_BLOCK_CAPTURE_AUTORELEASING = YES;
				CLANG_WARN_BOOL_CONVERSION = YES;
				CLANG_WARN_COMMA = YES;
				CLANG_WARN_CONSTANT_CONVERSION = YES;
				CLANG_WARN_DEPRECATED_OBJC_IMPLEMENTATIONS = YES;
				CLANG_WARN_DIRECT_OBJC_ISA_USAGE = YES_ERROR;
				CLANG_WARN_DOCUMENTATION_COMMENTS = YES;
				CLANG_WARN_EMPTY_BODY = YES;
				CLANG_WARN_ENUM_CONVERSION = YES;
				CLANG_WARN_INFINITE_RECURSION = YES;
				CLANG_WARN_INT_CONVERSION = YES;
				CLANG_WARN_NON_LITERAL_NULL_CONVERSION = YES;
				CLANG_WARN_OBJC_IMPLICIT_RETAIN_SELF = YES;
				CLANG_WARN_OBJC_LITERAL_CONVERSION = YES;
				CLANG_WARN_OBJC_ROOT_CLASS = YES_ERROR;
				CLANG_WARN_QUOTED_INCLUDE_IN_FRAMEWORK_HEADER = YES;
				CLANG_WARN_RANGE_LOOP_ANALYSIS = YES;
				CLANG_WARN_STRICT_PROTOTYPES = YES;
				CLANG_WARN_SUSPICIOUS_MOVE = YES;
				CLANG_WARN_UNGUARDED_AVAILABILITY = YES_AGGRESSIVE;
				CLANG_WARN_UNREACHABLE_CODE = YES;
				CLANG_WARN__DUPLICATE_METHOD_MATCH = YES;
				COPY_PHASE_STRIP = NO;
				DEBUG_INFORMATION_FORMAT = "dwarf-with-dsym";
				ENABLE_NS_ASSERTIONS = NO;
				ENABLE_STRICT_OBJC_MSGSEND = YES;
				GCC_C_LANGUAGE_STANDARD = gnu11;
				GCC_NO_COMMON_BLOCKS = YES;
				GCC_WARN_64_TO_32_BIT_CONVERSION = YES;
				GCC_WARN_ABOUT_RETURN_TYPE = YES_ERROR;
				GCC_WARN_UNDECLARED_SELECTOR = YES;
				GCC_WARN_UNINITIALIZED_AUTOS = YES_AGGRESSIVE;
				GCC_WARN_UNUSED_FUNCTION = YES;
				GCC_WARN_UNUSED_VARIABLE = YES;
				IPHONEOS_DEPLOYMENT_TARGET = 15.2;
				MTL_ENABLE_DEBUG_INFO = NO;
				MTL_FAST_MATH = YES;
				SDKROOT = iphoneos;
				SWIFT_COMPILATION_MODE = wholemodule;
				SWIFT_OPTIMIZATION_LEVEL = "-O";
				VALIDATE_PRODUCT = YES;
			};
			name = Release;
		};
		3488B7A527CCC1A1003E05B2 /* Debug */ = {
			isa = XCBuildConfiguration;
			buildSettings = {
				ASSETCATALOG_COMPILER_APPICON_NAME = AppIcon;
				ASSETCATALOG_COMPILER_GLOBAL_ACCENT_COLOR_NAME = AccentColor;
				CODE_SIGN_STYLE = Automatic;
				CURRENT_PROJECT_VERSION = 1;
				GENERATE_INFOPLIST_FILE = YES;
				INFOPLIST_FILE = MVVMLoginSceenSample/Info.plist;
				INFOPLIST_KEY_UIApplicationSupportsIndirectInputEvents = YES;
				INFOPLIST_KEY_UILaunchStoryboardName = LaunchScreen;
				INFOPLIST_KEY_UIMainStoryboardFile = Main;
				INFOPLIST_KEY_UISupportedInterfaceOrientations_iPad = "UIInterfaceOrientationPortrait UIInterfaceOrientationPortraitUpsideDown UIInterfaceOrientationLandscapeLeft UIInterfaceOrientationLandscapeRight";
				INFOPLIST_KEY_UISupportedInterfaceOrientations_iPhone = "UIInterfaceOrientationPortrait UIInterfaceOrientationLandscapeLeft UIInterfaceOrientationLandscapeRight";
				LD_RUNPATH_SEARCH_PATHS = (
					"$(inherited)",
					"@executable_path/Frameworks",
				);
				MARKETING_VERSION = 1.0;
				PRODUCT_BUNDLE_IDENTIFIER = com.ank.MVVMLoginSceenSample;
				PRODUCT_NAME = "$(TARGET_NAME)";
				SWIFT_EMIT_LOC_STRINGS = YES;
				SWIFT_VERSION = 5.0;
				TARGETED_DEVICE_FAMILY = "1,2";
			};
			name = Debug;
		};
		3488B7A627CCC1A1003E05B2 /* Release */ = {
			isa = XCBuildConfiguration;
			buildSettings = {
				ASSETCATALOG_COMPILER_APPICON_NAME = AppIcon;
				ASSETCATALOG_COMPILER_GLOBAL_ACCENT_COLOR_NAME = AccentColor;
				CODE_SIGN_STYLE = Automatic;
				CURRENT_PROJECT_VERSION = 1;
				GENERATE_INFOPLIST_FILE = YES;
				INFOPLIST_FILE = MVVMLoginSceenSample/Info.plist;
				INFOPLIST_KEY_UIApplicationSupportsIndirectInputEvents = YES;
				INFOPLIST_KEY_UILaunchStoryboardName = LaunchScreen;
				INFOPLIST_KEY_UIMainStoryboardFile = Main;
				INFOPLIST_KEY_UISupportedInterfaceOrientations_iPad = "UIInterfaceOrientationPortrait UIInterfaceOrientationPortraitUpsideDown UIInterfaceOrientationLandscapeLeft UIInterfaceOrientationLandscapeRight";
				INFOPLIST_KEY_UISupportedInterfaceOrientations_iPhone = "UIInterfaceOrientationPortrait UIInterfaceOrientationLandscapeLeft UIInterfaceOrientationLandscapeRight";
				LD_RUNPATH_SEARCH_PATHS = (
					"$(inherited)",
					"@executable_path/Frameworks",
				);
				MARKETING_VERSION = 1.0;
				PRODUCT_BUNDLE_IDENTIFIER = com.ank.MVVMLoginSceenSample;
				PRODUCT_NAME = "$(TARGET_NAME)";
				SWIFT_EMIT_LOC_STRINGS = YES;
				SWIFT_VERSION = 5.0;
				TARGETED_DEVICE_FAMILY = "1,2";
			};
			name = Release;
		};
/* End XCBuildConfiguration section */

/* Begin XCConfigurationList section */
		3488B78B27CCC19F003E05B2 /* Build configuration list for PBXProject "MVVMLoginSceenSample" */ = {
			isa = XCConfigurationList;
			buildConfigurations = (
				3488B7A227CCC1A1003E05B2 /* Debug */,
				3488B7A327CCC1A1003E05B2 /* Release */,
			);
			defaultConfigurationIsVisible = 0;
			defaultConfigurationName = Release;
		};
		3488B7A427CCC1A1003E05B2 /* Build configuration list for PBXNativeTarget "MVVMLoginSceenSample" */ = {
			isa = XCConfigurationList;
			buildConfigurations = (
				3488B7A527CCC1A1003E05B2 /* Debug */,
				3488B7A627CCC1A1003E05B2 /* Release */,
			);
			defaultConfigurationIsVisible = 0;
			defaultConfigurationName = Release;
		};
/* End XCConfigurationList section */
	};
	rootObject = 3488B78827CCC19F003E05B2 /* Project object */;
}
