// !$*UTF8*$!
{
	archiveVersion = 1;
	classes = {
	};
	objectVersion = 55;
	objects = {

/* Begin PBXBuildFile section */
		349DEE9327D095E40025334F /* AppDelegate.swift in Sources */ = {isa = PBXBuildFile; fileRef = 349DEE9227D095E40025334F /* AppDelegate.swift */; };
		349DEE9527D095E40025334F /* SceneDelegate.swift in Sources */ = {isa = PBXBuildFile; fileRef = 349DEE9427D095E40025334F /* SceneDelegate.swift */; };
		349DEE9727D095E40025334F /* ViewController.swift in Sources */ = {isa = PBXBuildFile; fileRef = 349DEE9627D095E40025334F /* ViewController.swift */; };
		349DEE9C27D095E50025334F /* Assets.xcassets in Resources */ = {isa = PBXBuildFile; fileRef = 349DEE9B27D095E50025334F /* Assets.xcassets */; };
		349DEE9F27D095E50025334F /* LaunchScreen.storyboard in Resources */ = {isa = PBXBuildFile; fileRef = 349DEE9D27D095E50025334F /* LaunchScreen.storyboard */; };
		349DEEA727D097D80025334F /* GoogleService-Info.plist in Resources */ = {isa = PBXBuildFile; fileRef = 349DEEA627D097D80025334F /* GoogleService-Info.plist */; };
		349DEEA927D099550025334F /* AuthManager.swift in Sources */ = {isa = PBXBuildFile; fileRef = 349DEEA827D099550025334F /* AuthManager.swift */; };
		349DEEAC27D09B1C0025334F /* PhoneAuthViewController.swift in Sources */ = {isa = PBXBuildFile; fileRef = 349DEEAB27D09B1C0025334F /* PhoneAuthViewController.swift */; };
		349DEEAE27D09B4F0025334F /* SMSCodeViewController.swift in Sources */ = {isa = PBXBuildFile; fileRef = 349DEEAD27D09B4F0025334F /* SMSCodeViewController.swift */; };
		349DEEB027D09B600025334F /* MapViewController.swift in Sources */ = {isa = PBXBuildFile; fileRef = 349DEEAF27D09B600025334F /* MapViewController.swift */; };
		5593445E2994A2C9A565D310 /* Pods_PhoneNumberAuthMap.framework in Frameworks */ = {isa = PBXBuildFile; fileRef = AAD7ACB46023CB76D17488D8 /* Pods_PhoneNumberAuthMap.framework */; };
/* End PBXBuildFile section */

/* Begin PBXFileReference section */
		349DEE8F27D095E40025334F /* PhoneNumberAuthMap.app */ = {isa = PBXFileReference; explicitFileType = wrapper.application; includeInIndex = 0; path = PhoneNumberAuthMap.app; sourceTree = BUILT_PRODUCTS_DIR; };
		349DEE9227D095E40025334F /* AppDelegate.swift */ = {isa = PBXFileReference; lastKnownFileType = sourcecode.swift; path = AppDelegate.swift; sourceTree = "<group>"; };
		349DEE9427D095E40025334F /* SceneDelegate.swift */ = {isa = PBXFileReference; lastKnownFileType = sourcecode.swift; path = SceneDelegate.swift; sourceTree = "<group>"; };
		349DEE9627D095E40025334F /* ViewController.swift */ = {isa = PBXFileReference; lastKnownFileType = sourcecode.swift; path = ViewController.swift; sourceTree = "<group>"; };
		349DEE9B27D095E50025334F /* Assets.xcassets */ = {isa = PBXFileReference; lastKnownFileType = folder.assetcatalog; path = Assets.xcassets; sourceTree = "<group>"; };
		349DEE9E27D095E50025334F /* Base */ = {isa = PBXFileReference; lastKnownFileType = file.storyboard; name = Base; path = Base.lproj/LaunchScreen.storyboard; sourceTree = "<group>"; };
		349DEEA027D095E50025334F /* Info.plist */ = {isa = PBXFileReference; lastKnownFileType = text.plist.xml; path = Info.plist; sourceTree = "<group>"; };
		349DEEA627D097D80025334F /* GoogleService-Info.plist */ = {isa = PBXFileReference; fileEncoding = 4; lastKnownFileType = text.plist.xml; path = "GoogleService-Info.plist"; sourceTree = "<group>"; };
		349DEEA827D099550025334F /* AuthManager.swift */ = {isa = PBXFileReference; lastKnownFileType = sourcecode.swift; path = AuthManager.swift; sourceTree = "<group>"; };
		349DEEAB27D09B1C0025334F /* PhoneAuthViewController.swift */ = {isa = PBXFileReference; lastKnownFileType = sourcecode.swift; path = PhoneAuthViewController.swift; sourceTree = "<group>"; };
		349DEEAD27D09B4F0025334F /* SMSCodeViewController.swift */ = {isa = PBXFileReference; lastKnownFileType = sourcecode.swift; path = SMSCodeViewController.swift; sourceTree = "<group>"; };
		349DEEAF27D09B600025334F /* MapViewController.swift */ = {isa = PBXFileReference; lastKnownFileType = sourcecode.swift; path = MapViewController.swift; sourceTree = "<group>"; };
		A4D38FF5FCEF1D871A95E741 /* Pods-PhoneNumberAuthMap.release.xcconfig */ = {isa = PBXFileReference; includeInIndex = 1; lastKnownFileType = text.xcconfig; name = "Pods-PhoneNumberAuthMap.release.xcconfig"; path = "Target Support Files/Pods-PhoneNumberAuthMap/Pods-PhoneNumberAuthMap.release.xcconfig"; sourceTree = "<group>"; };
		AA1FA884AC5589DB8F180C83 /* Pods-PhoneNumberAuthMap.debug.xcconfig */ = {isa = PBXFileReference; includeInIndex = 1; lastKnownFileType = text.xcconfig; name = "Pods-PhoneNumberAuthMap.debug.xcconfig"; path = "Target Support Files/Pods-PhoneNumberAuthMap/Pods-PhoneNumberAuthMap.debug.xcconfig"; sourceTree = "<group>"; };
		AAD7ACB46023CB76D17488D8 /* Pods_PhoneNumberAuthMap.framework */ = {isa = PBXFileReference; explicitFileType = wrapper.framework; includeInIndex = 0; path = Pods_PhoneNumberAuthMap.framework; sourceTree = BUILT_PRODUCTS_DIR; };
/* End PBXFileReference section */

/* Begin PBXFrameworksBuildPhase section */
		349DEE8C27D095E40025334F /* Frameworks */ = {
			isa = PBXFrameworksBuildPhase;
			buildActionMask = 2147483647;
			files = (
				5593445E2994A2C9A565D310 /* Pods_PhoneNumberAuthMap.framework in Frameworks */,
			);
			runOnlyForDeploymentPostprocessing = 0;
		};
/* End PBXFrameworksBuildPhase section */

/* Begin PBXGroup section */
		349DEE8627D095E40025334F = {
			isa = PBXGroup;
			children = (
				349DEE9127D095E40025334F /* PhoneNumberAuthMap */,
				349DEE9027D095E40025334F /* Products */,
				937CB4963B14EB3A12E9259E /* Pods */,
				3F4B1C3B4A795188DD3D16C6 /* Frameworks */,
			);
			sourceTree = "<group>";
		};
		349DEE9027D095E40025334F /* Products */ = {
			isa = PBXGroup;
			children = (
				349DEE8F27D095E40025334F /* PhoneNumberAuthMap.app */,
			);
			name = Products;
			sourceTree = "<group>";
		};
		349DEE9127D095E40025334F /* PhoneNumberAuthMap */ = {
			isa = PBXGroup;
			children = (
				349DEEAA27D09B020025334F /* ViewController */,
				349DEE9227D095E40025334F /* AppDelegate.swift */,
				349DEE9427D095E40025334F /* SceneDelegate.swift */,
				349DEE9627D095E40025334F /* ViewController.swift */,
				349DEE9B27D095E50025334F /* Assets.xcassets */,
				349DEE9D27D095E50025334F /* LaunchScreen.storyboard */,
				349DEEA027D095E50025334F /* Info.plist */,
				349DEEA627D097D80025334F /* GoogleService-Info.plist */,
				349DEEA827D099550025334F /* AuthManager.swift */,
			);
			path = PhoneNumberAuthMap;
			sourceTree = "<group>";
		};
		349DEEAA27D09B020025334F /* ViewController */ = {
			isa = PBXGroup;
			children = (
				349DEEAB27D09B1C0025334F /* PhoneAuthViewController.swift */,
				349DEEAD27D09B4F0025334F /* SMSCodeViewController.swift */,
				349DEEAF27D09B600025334F /* MapViewController.swift */,
			);
			path = ViewController;
			sourceTree = "<group>";
		};
		3F4B1C3B4A795188DD3D16C6 /* Frameworks */ = {
			isa = PBXGroup;
			children = (
				AAD7ACB46023CB76D17488D8 /* Pods_PhoneNumberAuthMap.framework */,
			);
			name = Frameworks;
			sourceTree = "<group>";
		};
		937CB4963B14EB3A12E9259E /* Pods */ = {
			isa = PBXGroup;
			children = (
				AA1FA884AC5589DB8F180C83 /* Pods-PhoneNumberAuthMap.debug.xcconfig */,
				A4D38FF5FCEF1D871A95E741 /* Pods-PhoneNumberAuthMap.release.xcconfig */,
			);
			path = Pods;
			sourceTree = "<group>";
		};
/* End PBXGroup section */

/* Begin PBXNativeTarget section */
		349DEE8E27D095E40025334F /* PhoneNumberAuthMap */ = {
			isa = PBXNativeTarget;
			buildConfigurationList = 349DEEA327D095E50025334F /* Build configuration list for PBXNativeTarget "PhoneNumberAuthMap" */;
			buildPhases = (
				54AD57D57C63D0CED0105AB4 /* [CP] Check Pods Manifest.lock */,
				349DEE8B27D095E40025334F /* Sources */,
				349DEE8C27D095E40025334F /* Frameworks */,
				349DEE8D27D095E40025334F /* Resources */,
				B11A0BD8209CFEFA03051DF9 /* [CP] Embed Pods Frameworks */,
			);
			buildRules = (
			);
			dependencies = (
			);
			name = PhoneNumberAuthMap;
			productName = PhoneNumberAuthMap;
			productReference = 349DEE8F27D095E40025334F /* PhoneNumberAuthMap.app */;
			productType = "com.apple.product-type.application";
		};
/* End PBXNativeTarget section */

/* Begin PBXProject section */
		349DEE8727D095E40025334F /* Project object */ = {
			isa = PBXProject;
			attributes = {
				BuildIndependentTargetsInParallel = 1;
				LastSwiftUpdateCheck = 1320;
				LastUpgradeCheck = 1320;
				TargetAttributes = {
					349DEE8E27D095E40025334F = {
						CreatedOnToolsVersion = 13.2.1;
					};
				};
			};
			buildConfigurationList = 349DEE8A27D095E40025334F /* Build configuration list for PBXProject "PhoneNumberAuthMap" */;
			compatibilityVersion = "Xcode 13.0";
			developmentRegion = en;
			hasScannedForEncodings = 0;
			knownRegions = (
				en,
				Base,
			);
			mainGroup = 349DEE8627D095E40025334F;
			productRefGroup = 349DEE9027D095E40025334F /* Products */;
			projectDirPath = "";
			projectRoot = "";
			targets = (
				349DEE8E27D095E40025334F /* PhoneNumberAuthMap */,
			);
		};
/* End PBXProject section */

/* Begin PBXResourcesBuildPhase section */
		349DEE8D27D095E40025334F /* Resources */ = {
			isa = PBXResourcesBuildPhase;
			buildActionMask = 2147483647;
			files = (
				349DEE9F27D095E50025334F /* LaunchScreen.storyboard in Resources */,
				349DEEA727D097D80025334F /* GoogleService-Info.plist in Resources */,
				349DEE9C27D095E50025334F /* Assets.xcassets in Resources */,
			);
			runOnlyForDeploymentPostprocessing = 0;
		};
/* End PBXResourcesBuildPhase section */

/* Begin PBXShellScriptBuildPhase section */
		54AD57D57C63D0CED0105AB4 /* [CP] Check Pods Manifest.lock */ = {
			isa = PBXShellScriptBuildPhase;
			buildActionMask = 2147483647;
			files = (
			);
			inputFileListPaths = (
			);
			inputPaths = (
				"${PODS_PODFILE_DIR_PATH}/Podfile.lock",
				"${PODS_ROOT}/Manifest.lock",
			);
			name = "[CP] Check Pods Manifest.lock";
			outputFileListPaths = (
			);
			outputPaths = (
				"$(DERIVED_FILE_DIR)/Pods-PhoneNumberAuthMap-checkManifestLockResult.txt",
			);
			runOnlyForDeploymentPostprocessing = 0;
			shellPath = /bin/sh;
			shellScript = "diff \"${PODS_PODFILE_DIR_PATH}/Podfile.lock\" \"${PODS_ROOT}/Manifest.lock\" > /dev/null\nif [ $? != 0 ] ; then\n    # print error to STDERR\n    echo \"error: The sandbox is not in sync with the Podfile.lock. Run 'pod install' or update your CocoaPods installation.\" >&2\n    exit 1\nfi\n# This output is used by Xcode 'outputs' to avoid re-running this script phase.\necho \"SUCCESS\" > \"${SCRIPT_OUTPUT_FILE_0}\"\n";
			showEnvVarsInLog = 0;
		};
		B11A0BD8209CFEFA03051DF9 /* [CP] Embed Pods Frameworks */ = {
			isa = PBXShellScriptBuildPhase;
			buildActionMask = 2147483647;
			files = (
			);
			inputFileListPaths = (
				"${PODS_ROOT}/Target Support Files/Pods-PhoneNumberAuthMap/Pods-PhoneNumberAuthMap-frameworks-${CONFIGURATION}-input-files.xcfilelist",
			);
			name = "[CP] Embed Pods Frameworks";
			outputFileListPaths = (
				"${PODS_ROOT}/Target Support Files/Pods-PhoneNumberAuthMap/Pods-PhoneNumberAuthMap-frameworks-${CONFIGURATION}-output-files.xcfilelist",
			);
			runOnlyForDeploymentPostprocessing = 0;
			shellPath = /bin/sh;
			shellScript = "\"${PODS_ROOT}/Target Support Files/Pods-PhoneNumberAuthMap/Pods-PhoneNumberAuthMap-frameworks.sh\"\n";
			showEnvVarsInLog = 0;
		};
/* End PBXShellScriptBuildPhase section */

/* Begin PBXSourcesBuildPhase section */
		349DEE8B27D095E40025334F /* Sources */ = {
			isa = PBXSourcesBuildPhase;
			buildActionMask = 2147483647;
			files = (
				349DEE9727D095E40025334F /* ViewController.swift in Sources */,
				349DEEAC27D09B1C0025334F /* PhoneAuthViewController.swift in Sources */,
				349DEEB027D09B600025334F /* MapViewController.swift in Sources */,
				349DEEA927D099550025334F /* AuthManager.swift in Sources */,
				349DEE9327D095E40025334F /* AppDelegate.swift in Sources */,
				349DEE9527D095E40025334F /* SceneDelegate.swift in Sources */,
				349DEEAE27D09B4F0025334F /* SMSCodeViewController.swift in Sources */,
			);
			runOnlyForDeploymentPostprocessing = 0;
		};
/* End PBXSourcesBuildPhase section */

/* Begin PBXVariantGroup section */
		349DEE9D27D095E50025334F /* LaunchScreen.storyboard */ = {
			isa = PBXVariantGroup;
			children = (
				349DEE9E27D095E50025334F /* Base */,
			);
			name = LaunchScreen.storyboard;
			sourceTree = "<group>";
		};
/* End PBXVariantGroup section */

/* Begin XCBuildConfiguration section */
		349DEEA127D095E50025334F /* Debug */ = {
			isa = XCBuildConfiguration;
			buildSettings = {
				ALWAYS_SEARCH_USER_PATHS = NO;
				CLANG_ANALYZER_NONNULL = YES;
				CLANG_ANALYZER_NUMBER_OBJECT_CONVERSION = YES_AGGRESSIVE;
				CLANG_CXX_LANGUAGE_STANDARD = "gnu++17";
				CLANG_CXX_LIBRARY = "libc++";
				CLANG_ENABLE_MODULES = YES;
				CLANG_ENABLE_OBJC_ARC = YES;
				CLANG_ENABLE_OBJC_WEAK = YES;
				CLANG_WARN_BLOCK_CAPTURE_AUTORELEASING = YES;
				CLANG_WARN_BOOL_CONVERSION = YES;
				CLANG_WARN_COMMA = YES;
				CLANG_WARN_CONSTANT_CONVERSION = YES;
				CLANG_WARN_DEPRECATED_OBJC_IMPLEMENTATIONS = YES;
				CLANG_WARN_DIRECT_OBJC_ISA_USAGE = YES_ERROR;
				CLANG_WARN_DOCUMENTATION_COMMENTS = YES;
				CLANG_WARN_EMPTY_BODY = YES;
				CLANG_WARN_ENUM_CONVERSION = YES;
				CLANG_WARN_INFINITE_RECURSION = YES;
				CLANG_WARN_INT_CONVERSION = YES;
				CLANG_WARN_NON_LITERAL_NULL_CONVERSION = YES;
				CLANG_WARN_OBJC_IMPLICIT_RETAIN_SELF = YES;
				CLANG_WARN_OBJC_LITERAL_CONVERSION = YES;
				CLANG_WARN_OBJC_ROOT_CLASS = YES_ERROR;
				CLANG_WARN_QUOTED_INCLUDE_IN_FRAMEWORK_HEADER = YES;
				CLANG_WARN_RANGE_LOOP_ANALYSIS = YES;
				CLANG_WARN_STRICT_PROTOTYPES = YES;
				CLANG_WARN_SUSPICIOUS_MOVE = YES;
				CLANG_WARN_UNGUARDED_AVAILABILITY = YES_AGGRESSIVE;
				CLANG_WARN_UNREACHABLE_CODE = YES;
				CLANG_WARN__DUPLICATE_METHOD_MATCH = YES;
				COPY_PHASE_STRIP = NO;
				DEBUG_INFORMATION_FORMAT = dwarf;
				ENABLE_STRICT_OBJC_MSGSEND = YES;
				ENABLE_TESTABILITY = YES;
				GCC_C_LANGUAGE_STANDARD = gnu11;
				GCC_DYNAMIC_NO_PIC = NO;
				GCC_NO_COMMON_BLOCKS = YES;
				GCC_OPTIMIZATION_LEVEL = 0;
				GCC_PREPROCESSOR_DEFINITIONS = (
					"DEBUG=1",
					"$(inherited)",
				);
				GCC_WARN_64_TO_32_BIT_CONVERSION = YES;
				GCC_WARN_ABOUT_RETURN_TYPE = YES_ERROR;
				GCC_WARN_UNDECLARED_SELECTOR = YES;
				GCC_WARN_UNINITIALIZED_AUTOS = YES_AGGRESSIVE;
				GCC_WARN_UNUSED_FUNCTION = YES;
				GCC_WARN_UNUSED_VARIABLE = YES;
				IPHONEOS_DEPLOYMENT_TARGET = 15.2;
				MTL_ENABLE_DEBUG_INFO = INCLUDE_SOURCE;
				MTL_FAST_MATH = YES;
				ONLY_ACTIVE_ARCH = YES;
				SDKROOT = iphoneos;
				SWIFT_ACTIVE_COMPILATION_CONDITIONS = DEBUG;
				SWIFT_OPTIMIZATION_LEVEL = "-Onone";
			};
			name = Debug;
		};
		349DEEA227D095E50025334F /* Release */ = {
			isa = XCBuildConfiguration;
			buildSettings = {
				ALWAYS_SEARCH_USER_PATHS = NO;
				CLANG_ANALYZER_NONNULL = YES;
				CLANG_ANALYZER_NUMBER_OBJECT_CONVERSION = YES_AGGRESSIVE;
				CLANG_CXX_LANGUAGE_STANDARD = "gnu++17";
				CLANG_CXX_LIBRARY = "libc++";
				CLANG_ENABLE_MODULES = YES;
				CLANG_ENABLE_OBJC_ARC = YES;
				CLANG_ENABLE_OBJC_WEAK = YES;
				CLANG_WARN_BLOCK_CAPTURE_AUTORELEASING = YES;
				CLANG_WARN_BOOL_CONVERSION = YES;
				CLANG_WARN_COMMA = YES;
				CLANG_WARN_CONSTANT_CONVERSION = YES;
				CLANG_WARN_DEPRECATED_OBJC_IMPLEMENTATIONS = YES;
				CLANG_WARN_DIRECT_OBJC_ISA_USAGE = YES_ERROR;
				CLANG_WARN_DOCUMENTATION_COMMENTS = YES;
				CLANG_WARN_EMPTY_BODY = YES;
				CLANG_WARN_ENUM_CONVERSION = YES;
				CLANG_WARN_INFINITE_RECURSION = YES;
				CLANG_WARN_INT_CONVERSION = YES;
				CLANG_WARN_NON_LITERAL_NULL_CONVERSION = YES;
				CLANG_WARN_OBJC_IMPLICIT_RETAIN_SELF = YES;
				CLANG_WARN_OBJC_LITERAL_CONVERSION = YES;
				CLANG_WARN_OBJC_ROOT_CLASS = YES_ERROR;
				CLANG_WARN_QUOTED_INCLUDE_IN_FRAMEWORK_HEADER = YES;
				CLANG_WARN_RANGE_LOOP_ANALYSIS = YES;
				CLANG_WARN_STRICT_PROTOTYPES = YES;
				CLANG_WARN_SUSPICIOUS_MOVE = YES;
				CLANG_WARN_UNGUARDED_AVAILABILITY = YES_AGGRESSIVE;
				CLANG_WARN_UNREACHABLE_CODE = YES;
				CLANG_WARN__DUPLICATE_METHOD_MATCH = YES;
				COPY_PHASE_STRIP = NO;
				DEBUG_INFORMATION_FORMAT = "dwarf-with-dsym";
				ENABLE_NS_ASSERTIONS = NO;
				ENABLE_STRICT_OBJC_MSGSEND = YES;
				GCC_C_LANGUAGE_STANDARD = gnu11;
				GCC_NO_COMMON_BLOCKS = YES;
				GCC_WARN_64_TO_32_BIT_CONVERSION = YES;
				GCC_WARN_ABOUT_RETURN_TYPE = YES_ERROR;
				GCC_WARN_UNDECLARED_SELECTOR = YES;
				GCC_WARN_UNINITIALIZED_AUTOS = YES_AGGRESSIVE;
				GCC_WARN_UNUSED_FUNCTION = YES;
				GCC_WARN_UNUSED_VARIABLE = YES;
				IPHONEOS_DEPLOYMENT_TARGET = 15.2;
				MTL_ENABLE_DEBUG_INFO = NO;
				MTL_FAST_MATH = YES;
				SDKROOT = iphoneos;
				SWIFT_COMPILATION_MODE = wholemodule;
				SWIFT_OPTIMIZATION_LEVEL = "-O";
				VALIDATE_PRODUCT = YES;
			};
			name = Release;
		};
		349DEEA427D095E50025334F /* Debug */ = {
			isa = XCBuildConfiguration;
			baseConfigurationReference = AA1FA884AC5589DB8F180C83 /* Pods-PhoneNumberAuthMap.debug.xcconfig */;
			buildSettings = {
				ASSETCATALOG_COMPILER_APPICON_NAME = AppIcon;
				ASSETCATALOG_COMPILER_GLOBAL_ACCENT_COLOR_NAME = AccentColor;
				CODE_SIGN_STYLE = Automatic;
				CURRENT_PROJECT_VERSION = 1;
				GENERATE_INFOPLIST_FILE = YES;
				INFOPLIST_FILE = PhoneNumberAuthMap/Info.plist;
				INFOPLIST_KEY_UIApplicationSupportsIndirectInputEvents = YES;
				INFOPLIST_KEY_UILaunchStoryboardName = LaunchScreen;
				INFOPLIST_KEY_UISupportedInterfaceOrientations_iPad = "UIInterfaceOrientationPortrait UIInterfaceOrientationPortraitUpsideDown UIInterfaceOrientationLandscapeLeft UIInterfaceOrientationLandscapeRight";
				INFOPLIST_KEY_UISupportedInterfaceOrientations_iPhone = "UIInterfaceOrientationPortrait UIInterfaceOrientationLandscapeLeft UIInterfaceOrientationLandscapeRight";
				LD_RUNPATH_SEARCH_PATHS = (
					"$(inherited)",
					"@executable_path/Frameworks",
				);
				MARKETING_VERSION = 1.0;
				PRODUCT_BUNDLE_IDENTIFIER = com.ank.PhoneNumberAuthMap;
				PRODUCT_NAME = "$(TARGET_NAME)";
				SWIFT_EMIT_LOC_STRINGS = YES;
				SWIFT_VERSION = 5.0;
				TARGETED_DEVICE_FAMILY = "1,2";
			};
			name = Debug;
		};
		349DEEA527D095E50025334F /* Release */ = {
			isa = XCBuildConfiguration;
			baseConfigurationReference = A4D38FF5FCEF1D871A95E741 /* Pods-PhoneNumberAuthMap.release.xcconfig */;
			buildSettings = {
				ASSETCATALOG_COMPILER_APPICON_NAME = AppIcon;
				ASSETCATALOG_COMPILER_GLOBAL_ACCENT_COLOR_NAME = AccentColor;
				CODE_SIGN_STYLE = Automatic;
				CURRENT_PROJECT_VERSION = 1;
				GENERATE_INFOPLIST_FILE = YES;
				INFOPLIST_FILE = PhoneNumberAuthMap/Info.plist;
				INFOPLIST_KEY_UIApplicationSupportsIndirectInputEvents = YES;
				INFOPLIST_KEY_UILaunchStoryboardName = LaunchScreen;
				INFOPLIST_KEY_UISupportedInterfaceOrientations_iPad = "UIInterfaceOrientationPortrait UIInterfaceOrientationPortraitUpsideDown UIInterfaceOrientationLandscapeLeft UIInterfaceOrientationLandscapeRight";
				INFOPLIST_KEY_UISupportedInterfaceOrientations_iPhone = "UIInterfaceOrientationPortrait UIInterfaceOrientationLandscapeLeft UIInterfaceOrientationLandscapeRight";
				LD_RUNPATH_SEARCH_PATHS = (
					"$(inherited)",
					"@executable_path/Frameworks",
				);
				MARKETING_VERSION = 1.0;
				PRODUCT_BUNDLE_IDENTIFIER = com.ank.PhoneNumberAuthMap;
				PRODUCT_NAME = "$(TARGET_NAME)";
				SWIFT_EMIT_LOC_STRINGS = YES;
				SWIFT_VERSION = 5.0;
				TARGETED_DEVICE_FAMILY = "1,2";
			};
			name = Release;
		};
/* End XCBuildConfiguration section */

/* Begin XCConfigurationList section */
		349DEE8A27D095E40025334F /* Build configuration list for PBXProject "PhoneNumberAuthMap" */ = {
			isa = XCConfigurationList;
			buildConfigurations = (
				349DEEA127D095E50025334F /* Debug */,
				349DEEA227D095E50025334F /* Release */,
			);
			defaultConfigurationIsVisible = 0;
			defaultConfigurationName = Release;
		};
		349DEEA327D095E50025334F /* Build configuration list for PBXNativeTarget "PhoneNumberAuthMap" */ = {
			isa = XCConfigurationList;
			buildConfigurations = (
				349DEEA427D095E50025334F /* Debug */,
				349DEEA527D095E50025334F /* Release */,
			);
			defaultConfigurationIsVisible = 0;
			defaultConfigurationName = Release;
		};
/* End XCConfigurationList section */
	};
	rootObject = 349DEE8727D095E40025334F /* Project object */;
}
